
Microsoft Visual Studio Solution File, Format Version 12.00
# Visual Studio 15
VisualStudioVersion = 15.0.27703.2000
MinimumVisualStudioVersion = 10.0.40219.1
Project("{FAE04EC0-301F-11D3-BF4B-00C04F79EFBC}") = "RiotGamesApi", "ApiFramework\RiotGamesApi.csproj", "{054D8A82-0B51-41D9-A1C4-5B56610FABC9}"
EndProject
Project("{FAE04EC0-301F-11D3-BF4B-00C04F79EFBC}") = "StatVisualizer", "StatVisualizer\StatVisualizer.csproj", "{DEF0F604-481C-4E87-A189-65F783A44635}"
EndProject
Project("{FAE04EC0-301F-11D3-BF4B-00C04F79EFBC}") = "RiotGamesApi.UnitTest", "RiotGamesApi.UnitTest\RiotGamesApi.UnitTest.csproj", "{04DBF592-D28E-45F9-AC58-D0D6BB942EF1}"
EndProject
Global
	GlobalSection(SolutionConfigurationPlatforms) = preSolution
		Debug|Any CPU = Debug|Any CPU
		Debug|ARM = Debug|ARM
		Debug|x64 = Debug|x64
		Debug|x86 = Debug|x86
		Release|Any CPU = Release|Any CPU
		Release|ARM = Release|ARM
		Release|x64 = Release|x64
		Release|x86 = Release|x86
	EndGlobalSection
	GlobalSection(ProjectConfigurationPlatforms) = postSolution
		{054D8A82-0B51-41D9-A1C4-5B56610FABC9}.Debug|Any CPU.ActiveCfg = Debug|Any CPU
		{054D8A82-0B51-41D9-A1C4-5B56610FABC9}.Debug|Any CPU.Build.0 = Debug|Any CPU
		{054D8A82-0B51-41D9-A1C4-5B56610FABC9}.Debug|ARM.ActiveCfg = Debug|Any CPU
		{054D8A82-0B51-41D9-A1C4-5B56610FABC9}.Debug|ARM.Build.0 = Debug|Any CPU
		{054D8A82-0B51-41D9-A1C4-5B56610FABC9}.Debug|x64.ActiveCfg = Debug|Any CPU
		{054D8A82-0B51-41D9-A1C4-5B56610FABC9}.Debug|x64.Build.0 = Debug|Any CPU
		{054D8A82-0B51-41D9-A1C4-5B56610FABC9}.Debug|x86.ActiveCfg = Debug|Any CPU
		{054D8A82-0B51-41D9-A1C4-5B56610FABC9}.Debug|x86.Build.0 = Debug|Any CPU
		{054D8A82-0B51-41D9-A1C4-5B56610FABC9}.Release|Any CPU.ActiveCfg = Release|Any CPU
		{054D8A82-0B51-41D9-A1C4-5B56610FABC9}.Release|Any CPU.Build.0 = Release|Any CPU
		{054D8A82-0B51-41D9-A1C4-5B56610FABC9}.Release|ARM.ActiveCfg = Release|Any CPU
		{054D8A82-0B51-41D9-A1C4-5B56610FABC9}.Release|ARM.Build.0 = Release|Any CPU
		{054D8A82-0B51-41D9-A1C4-5B56610FABC9}.Release|x64.ActiveCfg = Release|Any CPU
		{054D8A82-0B51-41D9-A1C4-5B56610FABC9}.Release|x64.Build.0 = Release|Any CPU
		{054D8A82-0B51-41D9-A1C4-5B56610FABC9}.Release|x86.ActiveCfg = Release|Any CPU
		{054D8A82-0B51-41D9-A1C4-5B56610FABC9}.Release|x86.Build.0 = Release|Any CPU
		{DEF0F604-481C-4E87-A189-65F783A44635}.Debug|Any CPU.ActiveCfg = Debug|Any CPU
		{DEF0F604-481C-4E87-A189-65F783A44635}.Debug|Any CPU.Build.0 = Debug|Any CPU
		{DEF0F604-481C-4E87-A189-65F783A44635}.Debug|ARM.ActiveCfg = Debug|Any CPU
		{DEF0F604-481C-4E87-A189-65F783A44635}.Debug|ARM.Build.0 = Debug|Any CPU
		{DEF0F604-481C-4E87-A189-65F783A44635}.Debug|x64.ActiveCfg = Debug|Any CPU
		{DEF0F604-481C-4E87-A189-65F783A44635}.Debug|x64.Build.0 = Debug|Any CPU
		{DEF0F604-481C-4E87-A189-65F783A44635}.Debug|x86.ActiveCfg = Debug|Any CPU
		{DEF0F604-481C-4E87-A189-65F783A44635}.Debug|x86.Build.0 = Debug|Any CPU
		{DEF0F604-481C-4E87-A189-65F783A44635}.Release|Any CPU.ActiveCfg = Release|Any CPU
		{DEF0F604-481C-4E87-A189-65F783A44635}.Release|Any CPU.Build.0 = Release|Any CPU
		{DEF0F604-481C-4E87-A189-65F783A44635}.Release|ARM.ActiveCfg = Release|Any CPU
		{DEF0F604-481C-4E87-A189-65F783A44635}.Release|ARM.Build.0 = Release|Any CPU
		{DEF0F604-481C-4E87-A189-65F783A44635}.Release|x64.ActiveCfg = Release|Any CPU
		{DEF0F604-481C-4E87-A189-65F783A44635}.Release|x64.Build.0 = Release|Any CPU
		{DEF0F604-481C-4E87-A189-65F783A44635}.Release|x86.ActiveCfg = Release|Any CPU
		{DEF0F604-481C-4E87-A189-65F783A44635}.Release|x86.Build.0 = Release|Any CPU
		{04DBF592-D28E-45F9-AC58-D0D6BB942EF1}.Debug|Any CPU.ActiveCfg = Debug|Any CPU
		{04DBF592-D28E-45F9-AC58-D0D6BB942EF1}.Debug|Any CPU.Build.0 = Debug|Any CPU
		{04DBF592-D28E-45F9-AC58-D0D6BB942EF1}.Debug|ARM.ActiveCfg = Debug|Any CPU
		{04DBF592-D28E-45F9-AC58-D0D6BB942EF1}.Debug|ARM.Build.0 = Debug|Any CPU
		{04DBF592-D28E-45F9-AC58-D0D6BB942EF1}.Debug|x64.ActiveCfg = Debug|Any CPU
		{04DBF592-D28E-45F9-AC58-D0D6BB942EF1}.Debug|x64.Build.0 = Debug|Any CPU
		{04DBF592-D28E-45F9-AC58-D0D6BB942EF1}.Debug|x86.ActiveCfg = Debug|Any CPU
		{04DBF592-D28E-45F9-AC58-D0D6BB942EF1}.Debug|x86.Build.0 = Debug|Any CPU
		{04DBF592-D28E-45F9-AC58-D0D6BB942EF1}.Release|Any CPU.ActiveCfg = Release|Any CPU
		{04DBF592-D28E-45F9-AC58-D0D6BB942EF1}.Release|Any CPU.Build.0 = Release|Any CPU
		{04DBF592-D28E-45F9-AC58-D0D6BB942EF1}.Release|ARM.ActiveCfg = Release|Any CPU
		{04DBF592-D28E-45F9-AC58-D0D6BB942EF1}.Release|ARM.Build.0 = Release|Any CPU
		{04DBF592-D28E-45F9-AC58-D0D6BB942EF1}.Release|x64.ActiveCfg = Release|Any CPU
		{04DBF592-D28E-45F9-AC58-D0D6BB942EF1}.Release|x64.Build.0 = Release|Any CPU
		{04DBF592-D28E-45F9-AC58-D0D6BB942EF1}.Release|x86.ActiveCfg = Release|Any CPU
		{04DBF592-D28E-45F9-AC58-D0D6BB942EF1}.Release|x86.Build.0 = Release|Any CPU
	EndGlobalSection
	GlobalSection(SolutionProperties) = preSolution
		HideSolutionNode = FALSE
	EndGlobalSection
	GlobalSection(ExtensibilityGlobals) = postSolution
		SolutionGuid = {BCAC6B81-BC5B-40C4-B9FB-9423F75D3398}
	EndGlobalSection
EndGlobal
